# This file is autogenerated, do not edit; changes may be undone by the next 'dep ensure'.


[[projects]]
  digest = "1:f913db46dd2604735e5fe8f08fcf1490509a208697b7d63ac301ff5a84ece948"
  name = "github.com/gizak/termui"
  packages = [
    "v3",
    "v3/drawille",
    "v3/widgets",
  ]
  pruneopts = "UT"
  revision = "4cca61d83fa2cc0f485c478ff768b0108f6591d6"
  version = "v3.1.0"

[[projects]]
  digest = "1:6d29f02f0f01c627c2be40fb7347669a9ff2aa215cb97747294c1d13ffa74bdd"
  name = "github.com/gorilla/websocket"
  packages = ["."]
  pruneopts = "UT"
  revision = "b65e62901fc1c0d968042419e74789f6af455eb9"
  version = "v1.4.2"

[[projects]]
  digest = "1:38286a6220cf5b85bae83d5754bbfd7218c833b4fc8b56f5d168ea4bc073ad27"
  name = "github.com/mattn/go-runewidth"
  packages = ["."]
  pruneopts = "UT"
  revision = "14e809f6d78fcf9f48ff9b70981472b64c05f754"
  version = "v0.0.9"

[[projects]]
  digest = "1:abf08734a6527df70ed361d7c369fb580e6840d8f7a6012e5f609fdfd93b4e48"
  name = "github.com/mitchellh/go-wordwrap"
  packages = ["."]
  pruneopts = "UT"
  revision = "9e67c67572bc5dd02aef930e2b0ae3c02a4b5a5c"
  version = "v1.0.0"

[[projects]]
  branch = "master"
  digest = "1:8dd4f955dc90892fc8fa21dc8a133ba90d11f5891d0539dbb73156ce1f347d77"
  name = "github.com/nsf/termbox-go"
  packages = ["."]
  pruneopts = "UT"
  revision = "38ba6e5628f1d70bac606cfd210b9ad1a16c3027"

[solve-meta]
  analyzer-name = "dep"
  analyzer-version = 1
  input-imports = [
    "github.com/gizak/termui/v3",
    "github.com/gizak/termui/v3/widgets",
    "github.com/gorilla/websocket",
    "github.com/mattn/go-runewidth",
  ]
  solver-name = "gps-cdcl"
  solver-version = 1
